
Microsoft Visual Studio Solution File, Format Version 12.00
# Visual Studio 2013
VisualStudioVersion = 12.0.31101.0
MinimumVisualStudioVersion = 10.0.40219.1
Project("{FAE04EC0-301F-11D3-BF4B-00C04F79EFBC}") = "Qurvey.WinPhone", "Qurvey\Qurvey.WinPhone\Qurvey.WinPhone.csproj", "{D459A568-FCCE-45C5-8C11-61B723BB4004}"
EndProject
Project("{FAE04EC0-301F-11D3-BF4B-00C04F79EFBC}") = "Qurvey.iOS", "Qurvey\Qurvey.iOS\Qurvey.iOS.csproj", "{900D64CC-3E2D-43E4-9C7E-BEA41F3C688E}"
EndProject
Project("{FAE04EC0-301F-11D3-BF4B-00C04F79EFBC}") = "Qurvey.Droid", "Qurvey\Qurvey.Droid\Qurvey.Droid.csproj", "{FF880F01-48E9-4512-B80B-C28AB4E92958}"
EndProject
Project("{D954291E-2A0B-460D-934E-DC6B0785DB48}") = "Qurvey", "Qurvey\Qurvey\Qurvey.shproj", "{692D4B0F-9BBD-4627-886C-0E3FF9E4DCF7}"
EndProject
Project("{FAE04EC0-301F-11D3-BF4B-00C04F79EFBC}") = "Qurvey.Shared2", "Qurvey.Shared\Qurvey.Shared2.csproj", "{33C5DE4A-702F-4ED9-9ECB-DF10510AE425}"
EndProject
Global
	GlobalSection(SharedMSBuildProjectFiles) = preSolution
		Qurvey\Qurvey\Qurvey.projitems*{692d4b0f-9bbd-4627-886c-0e3ff9e4dcf7}*SharedItemsImports = 13
		Qurvey\Qurvey\Qurvey.projitems*{900d64cc-3e2d-43e4-9c7e-bea41f3c688e}*SharedItemsImports = 4
		Qurvey\Qurvey\Qurvey.projitems*{d459a568-fcce-45c5-8c11-61b723bb4004}*SharedItemsImports = 4
		Qurvey\Qurvey\Qurvey.projitems*{ff880f01-48e9-4512-b80b-c28ab4e92958}*SharedItemsImports = 4
	EndGlobalSection
	GlobalSection(SolutionConfigurationPlatforms) = preSolution
		Ad-Hoc|Any CPU = Ad-Hoc|Any CPU
		Ad-Hoc|ARM = Ad-Hoc|ARM
		Ad-Hoc|iPhone = Ad-Hoc|iPhone
		Ad-Hoc|iPhoneSimulator = Ad-Hoc|iPhoneSimulator
		Ad-Hoc|Mixed Platforms = Ad-Hoc|Mixed Platforms
		Ad-Hoc|x86 = Ad-Hoc|x86
		AppStore|Any CPU = AppStore|Any CPU
		AppStore|ARM = AppStore|ARM
		AppStore|iPhone = AppStore|iPhone
		AppStore|iPhoneSimulator = AppStore|iPhoneSimulator
		AppStore|Mixed Platforms = AppStore|Mixed Platforms
		AppStore|x86 = AppStore|x86
		Debug|Any CPU = Debug|Any CPU
		Debug|ARM = Debug|ARM
		Debug|iPhone = Debug|iPhone
		Debug|iPhoneSimulator = Debug|iPhoneSimulator
		Debug|Mixed Platforms = Debug|Mixed Platforms
		Debug|x86 = Debug|x86
		Release|Any CPU = Release|Any CPU
		Release|ARM = Release|ARM
		Release|iPhone = Release|iPhone
		Release|iPhoneSimulator = Release|iPhoneSimulator
		Release|Mixed Platforms = Release|Mixed Platforms
		Release|x86 = Release|x86
	EndGlobalSection
	GlobalSection(ProjectConfigurationPlatforms) = postSolution
		{D459A568-FCCE-45C5-8C11-61B723BB4004}.Ad-Hoc|Any CPU.ActiveCfg = Release|Any CPU
		{D459A568-FCCE-45C5-8C11-61B723BB4004}.Ad-Hoc|Any CPU.Build.0 = Release|Any CPU
		{D459A568-FCCE-45C5-8C11-61B723BB4004}.Ad-Hoc|Any CPU.Deploy.0 = Release|Any CPU
		{D459A568-FCCE-45C5-8C11-61B723BB4004}.Ad-Hoc|ARM.ActiveCfg = Release|ARM
		{D459A568-FCCE-45C5-8C11-61B723BB4004}.Ad-Hoc|ARM.Build.0 = Release|ARM
		{D459A568-FCCE-45C5-8C11-61B723BB4004}.Ad-Hoc|ARM.Deploy.0 = Release|ARM
		{D459A568-FCCE-45C5-8C11-61B723BB4004}.Ad-Hoc|iPhone.ActiveCfg = Release|Any CPU
		{D459A568-FCCE-45C5-8C11-61B723BB4004}.Ad-Hoc|iPhoneSimulator.ActiveCfg = Release|Any CPU
		{D459A568-FCCE-45C5-8C11-61B723BB4004}.Ad-Hoc|Mixed Platforms.ActiveCfg = Release|x86
		{D459A568-FCCE-45C5-8C11-61B723BB4004}.Ad-Hoc|Mixed Platforms.Build.0 = Release|x86
		{D459A568-FCCE-45C5-8C11-61B723BB4004}.Ad-Hoc|Mixed Platforms.Deploy.0 = Release|x86
		{D459A568-FCCE-45C5-8C11-61B723BB4004}.Ad-Hoc|x86.ActiveCfg = Release|x86
		{D459A568-FCCE-45C5-8C11-61B723BB4004}.Ad-Hoc|x86.Build.0 = Release|x86
		{D459A568-FCCE-45C5-8C11-61B723BB4004}.Ad-Hoc|x86.Deploy.0 = Release|x86
		{D459A568-FCCE-45C5-8C11-61B723BB4004}.AppStore|Any CPU.ActiveCfg = Release|Any CPU
		{D459A568-FCCE-45C5-8C11-61B723BB4004}.AppStore|Any CPU.Build.0 = Release|Any CPU
		{D459A568-FCCE-45C5-8C11-61B723BB4004}.AppStore|Any CPU.Deploy.0 = Release|Any CPU
		{D459A568-FCCE-45C5-8C11-61B723BB4004}.AppStore|ARM.ActiveCfg = Release|ARM
		{D459A568-FCCE-45C5-8C11-61B723BB4004}.AppStore|ARM.Build.0 = Release|ARM
		{D459A568-FCCE-45C5-8C11-61B723BB4004}.AppStore|ARM.Deploy.0 = Release|ARM
		{D459A568-FCCE-45C5-8C11-61B723BB4004}.AppStore|iPhone.ActiveCfg = Release|Any CPU
		{D459A568-FCCE-45C5-8C11-61B723BB4004}.AppStore|iPhoneSimulator.ActiveCfg = Release|Any CPU
		{D459A568-FCCE-45C5-8C11-61B723BB4004}.AppStore|Mixed Platforms.ActiveCfg = Release|x86
		{D459A568-FCCE-45C5-8C11-61B723BB4004}.AppStore|Mixed Platforms.Build.0 = Release|x86
		{D459A568-FCCE-45C5-8C11-61B723BB4004}.AppStore|Mixed Platforms.Deploy.0 = Release|x86
		{D459A568-FCCE-45C5-8C11-61B723BB4004}.AppStore|x86.ActiveCfg = Release|x86
		{D459A568-FCCE-45C5-8C11-61B723BB4004}.AppStore|x86.Build.0 = Release|x86
		{D459A568-FCCE-45C5-8C11-61B723BB4004}.AppStore|x86.Deploy.0 = Release|x86
		{D459A568-FCCE-45C5-8C11-61B723BB4004}.Debug|Any CPU.ActiveCfg = Debug|Any CPU
		{D459A568-FCCE-45C5-8C11-61B723BB4004}.Debug|Any CPU.Build.0 = Debug|Any CPU
		{D459A568-FCCE-45C5-8C11-61B723BB4004}.Debug|Any CPU.Deploy.0 = Debug|Any CPU
		{D459A568-FCCE-45C5-8C11-61B723BB4004}.Debug|ARM.ActiveCfg = Debug|ARM
		{D459A568-FCCE-45C5-8C11-61B723BB4004}.Debug|ARM.Build.0 = Debug|ARM
		{D459A568-FCCE-45C5-8C11-61B723BB4004}.Debug|ARM.Deploy.0 = Debug|ARM
		{D459A568-FCCE-45C5-8C11-61B723BB4004}.Debug|iPhone.ActiveCfg = Debug|Any CPU
		{D459A568-FCCE-45C5-8C11-61B723BB4004}.Debug|iPhoneSimulator.ActiveCfg = Debug|Any CPU
		{D459A568-FCCE-45C5-8C11-61B723BB4004}.Debug|Mixed Platforms.ActiveCfg = Debug|x86
		{D459A568-FCCE-45C5-8C11-61B723BB4004}.Debug|Mixed Platforms.Build.0 = Debug|x86
		{D459A568-FCCE-45C5-8C11-61B723BB4004}.Debug|Mixed Platforms.Deploy.0 = Debug|x86
		{D459A568-FCCE-45C5-8C11-61B723BB4004}.Debug|x86.ActiveCfg = Debug|x86
		{D459A568-FCCE-45C5-8C11-61B723BB4004}.Debug|x86.Build.0 = Debug|x86
		{D459A568-FCCE-45C5-8C11-61B723BB4004}.Debug|x86.Deploy.0 = Debug|x86
		{D459A568-FCCE-45C5-8C11-61B723BB4004}.Release|Any CPU.ActiveCfg = Release|Any CPU
		{D459A568-FCCE-45C5-8C11-61B723BB4004}.Release|Any CPU.Build.0 = Release|Any CPU
		{D459A568-FCCE-45C5-8C11-61B723BB4004}.Release|Any CPU.Deploy.0 = Release|Any CPU
		{D459A568-FCCE-45C5-8C11-61B723BB4004}.Release|ARM.ActiveCfg = Release|ARM
		{D459A568-FCCE-45C5-8C11-61B723BB4004}.Release|ARM.Build.0 = Release|ARM
		{D459A568-FCCE-45C5-8C11-61B723BB4004}.Release|ARM.Deploy.0 = Release|ARM
		{D459A568-FCCE-45C5-8C11-61B723BB4004}.Release|iPhone.ActiveCfg = Release|Any CPU
		{D459A568-FCCE-45C5-8C11-61B723BB4004}.Release|iPhoneSimulator.ActiveCfg = Release|Any CPU
		{D459A568-FCCE-45C5-8C11-61B723BB4004}.Release|Mixed Platforms.ActiveCfg = Release|x86
		{D459A568-FCCE-45C5-8C11-61B723BB4004}.Release|Mixed Platforms.Build.0 = Release|x86
		{D459A568-FCCE-45C5-8C11-61B723BB4004}.Release|Mixed Platforms.Deploy.0 = Release|x86
		{D459A568-FCCE-45C5-8C11-61B723BB4004}.Release|x86.ActiveCfg = Release|x86
		{D459A568-FCCE-45C5-8C11-61B723BB4004}.Release|x86.Build.0 = Release|x86
		{D459A568-FCCE-45C5-8C11-61B723BB4004}.Release|x86.Deploy.0 = Release|x86
		{900D64CC-3E2D-43E4-9C7E-BEA41F3C688E}.Ad-Hoc|Any CPU.ActiveCfg = Ad-Hoc|iPhone
		{900D64CC-3E2D-43E4-9C7E-BEA41F3C688E}.Ad-Hoc|ARM.ActiveCfg = Ad-Hoc|iPhone
		{900D64CC-3E2D-43E4-9C7E-BEA41F3C688E}.Ad-Hoc|iPhone.ActiveCfg = Ad-Hoc|iPhone
		{900D64CC-3E2D-43E4-9C7E-BEA41F3C688E}.Ad-Hoc|iPhone.Build.0 = Ad-Hoc|iPhone
		{900D64CC-3E2D-43E4-9C7E-BEA41F3C688E}.Ad-Hoc|iPhoneSimulator.ActiveCfg = Ad-Hoc|iPhoneSimulator
		{900D64CC-3E2D-43E4-9C7E-BEA41F3C688E}.Ad-Hoc|iPhoneSimulator.Build.0 = Ad-Hoc|iPhoneSimulator
		{900D64CC-3E2D-43E4-9C7E-BEA41F3C688E}.Ad-Hoc|Mixed Platforms.ActiveCfg = Ad-Hoc|iPhone
		{900D64CC-3E2D-43E4-9C7E-BEA41F3C688E}.Ad-Hoc|Mixed Platforms.Build.0 = Ad-Hoc|iPhone
		{900D64CC-3E2D-43E4-9C7E-BEA41F3C688E}.Ad-Hoc|x86.ActiveCfg = Ad-Hoc|iPhone
		{900D64CC-3E2D-43E4-9C7E-BEA41F3C688E}.AppStore|Any CPU.ActiveCfg = AppStore|iPhone
		{900D64CC-3E2D-43E4-9C7E-BEA41F3C688E}.AppStore|ARM.ActiveCfg = AppStore|iPhone
		{900D64CC-3E2D-43E4-9C7E-BEA41F3C688E}.AppStore|iPhone.ActiveCfg = AppStore|iPhone
		{900D64CC-3E2D-43E4-9C7E-BEA41F3C688E}.AppStore|iPhone.Build.0 = AppStore|iPhone
		{900D64CC-3E2D-43E4-9C7E-BEA41F3C688E}.AppStore|iPhoneSimulator.ActiveCfg = AppStore|iPhoneSimulator
		{900D64CC-3E2D-43E4-9C7E-BEA41F3C688E}.AppStore|iPhoneSimulator.Build.0 = AppStore|iPhoneSimulator
		{900D64CC-3E2D-43E4-9C7E-BEA41F3C688E}.AppStore|Mixed Platforms.ActiveCfg = AppStore|iPhone
		{900D64CC-3E2D-43E4-9C7E-BEA41F3C688E}.AppStore|Mixed Platforms.Build.0 = AppStore|iPhone
		{900D64CC-3E2D-43E4-9C7E-BEA41F3C688E}.AppStore|x86.ActiveCfg = AppStore|iPhone
		{900D64CC-3E2D-43E4-9C7E-BEA41F3C688E}.Debug|Any CPU.ActiveCfg = Debug|iPhone
		{900D64CC-3E2D-43E4-9C7E-BEA41F3C688E}.Debug|ARM.ActiveCfg = Debug|iPhone
		{900D64CC-3E2D-43E4-9C7E-BEA41F3C688E}.Debug|iPhone.ActiveCfg = Debug|iPhone
		{900D64CC-3E2D-43E4-9C7E-BEA41F3C688E}.Debug|iPhone.Build.0 = Debug|iPhone
		{900D64CC-3E2D-43E4-9C7E-BEA41F3C688E}.Debug|iPhoneSimulator.ActiveCfg = Debug|iPhoneSimulator
		{900D64CC-3E2D-43E4-9C7E-BEA41F3C688E}.Debug|iPhoneSimulator.Build.0 = Debug|iPhoneSimulator
		{900D64CC-3E2D-43E4-9C7E-BEA41F3C688E}.Debug|Mixed Platforms.ActiveCfg = Debug|iPhone
		{900D64CC-3E2D-43E4-9C7E-BEA41F3C688E}.Debug|Mixed Platforms.Build.0 = Debug|iPhone
		{900D64CC-3E2D-43E4-9C7E-BEA41F3C688E}.Debug|x86.ActiveCfg = Debug|iPhone
		{900D64CC-3E2D-43E4-9C7E-BEA41F3C688E}.Release|Any CPU.ActiveCfg = Release|iPhone
		{900D64CC-3E2D-43E4-9C7E-BEA41F3C688E}.Release|ARM.ActiveCfg = Release|iPhone
		{900D64CC-3E2D-43E4-9C7E-BEA41F3C688E}.Release|iPhone.ActiveCfg = Release|iPhone
		{900D64CC-3E2D-43E4-9C7E-BEA41F3C688E}.Release|iPhone.Build.0 = Release|iPhone
		{900D64CC-3E2D-43E4-9C7E-BEA41F3C688E}.Release|iPhoneSimulator.ActiveCfg = Release|iPhoneSimulator
		{900D64CC-3E2D-43E4-9C7E-BEA41F3C688E}.Release|iPhoneSimulator.Build.0 = Release|iPhoneSimulator
		{900D64CC-3E2D-43E4-9C7E-BEA41F3C688E}.Release|Mixed Platforms.ActiveCfg = Release|iPhone
		{900D64CC-3E2D-43E4-9C7E-BEA41F3C688E}.Release|Mixed Platforms.Build.0 = Release|iPhone
		{900D64CC-3E2D-43E4-9C7E-BEA41F3C688E}.Release|x86.ActiveCfg = Release|iPhone
		{FF880F01-48E9-4512-B80B-C28AB4E92958}.Ad-Hoc|Any CPU.ActiveCfg = Release|Any CPU
		{FF880F01-48E9-4512-B80B-C28AB4E92958}.Ad-Hoc|Any CPU.Build.0 = Release|Any CPU
		{FF880F01-48E9-4512-B80B-C28AB4E92958}.Ad-Hoc|Any CPU.Deploy.0 = Release|Any CPU
		{FF880F01-48E9-4512-B80B-C28AB4E92958}.Ad-Hoc|ARM.ActiveCfg = Release|Any CPU
		{FF880F01-48E9-4512-B80B-C28AB4E92958}.Ad-Hoc|iPhone.ActiveCfg = Release|Any CPU
		{FF880F01-48E9-4512-B80B-C28AB4E92958}.Ad-Hoc|iPhoneSimulator.ActiveCfg = Release|Any CPU
		{FF880F01-48E9-4512-B80B-C28AB4E92958}.Ad-Hoc|Mixed Platforms.ActiveCfg = Release|Any CPU
		{FF880F01-48E9-4512-B80B-C28AB4E92958}.Ad-Hoc|Mixed Platforms.Build.0 = Release|Any CPU
		{FF880F01-48E9-4512-B80B-C28AB4E92958}.Ad-Hoc|Mixed Platforms.Deploy.0 = Release|Any CPU
		{FF880F01-48E9-4512-B80B-C28AB4E92958}.Ad-Hoc|x86.ActiveCfg = Release|Any CPU
		{FF880F01-48E9-4512-B80B-C28AB4E92958}.AppStore|Any CPU.ActiveCfg = Release|Any CPU
		{FF880F01-48E9-4512-B80B-C28AB4E92958}.AppStore|Any CPU.Build.0 = Release|Any CPU
		{FF880F01-48E9-4512-B80B-C28AB4E92958}.AppStore|Any CPU.Deploy.0 = Release|Any CPU
		{FF880F01-48E9-4512-B80B-C28AB4E92958}.AppStore|ARM.ActiveCfg = Release|Any CPU
		{FF880F01-48E9-4512-B80B-C28AB4E92958}.AppStore|iPhone.ActiveCfg = Release|Any CPU
		{FF880F01-48E9-4512-B80B-C28AB4E92958}.AppStore|iPhoneSimulator.ActiveCfg = Release|Any CPU
		{FF880F01-48E9-4512-B80B-C28AB4E92958}.AppStore|Mixed Platforms.ActiveCfg = Release|Any CPU
		{FF880F01-48E9-4512-B80B-C28AB4E92958}.AppStore|Mixed Platforms.Build.0 = Release|Any CPU
		{FF880F01-48E9-4512-B80B-C28AB4E92958}.AppStore|Mixed Platforms.Deploy.0 = Release|Any CPU
		{FF880F01-48E9-4512-B80B-C28AB4E92958}.AppStore|x86.ActiveCfg = Release|Any CPU
		{FF880F01-48E9-4512-B80B-C28AB4E92958}.Debug|Any CPU.ActiveCfg = Debug|Any CPU
		{FF880F01-48E9-4512-B80B-C28AB4E92958}.Debug|Any CPU.Build.0 = Debug|Any CPU
		{FF880F01-48E9-4512-B80B-C28AB4E92958}.Debug|Any CPU.Deploy.0 = Debug|Any CPU
		{FF880F01-48E9-4512-B80B-C28AB4E92958}.Debug|ARM.ActiveCfg = Debug|Any CPU
		{FF880F01-48E9-4512-B80B-C28AB4E92958}.Debug|iPhone.ActiveCfg = Debug|Any CPU
		{FF880F01-48E9-4512-B80B-C28AB4E92958}.Debug|iPhoneSimulator.ActiveCfg = Debug|Any CPU
		{FF880F01-48E9-4512-B80B-C28AB4E92958}.Debug|Mixed Platforms.ActiveCfg = Debug|Any CPU
		{FF880F01-48E9-4512-B80B-C28AB4E92958}.Debug|Mixed Platforms.Build.0 = Debug|Any CPU
		{FF880F01-48E9-4512-B80B-C28AB4E92958}.Debug|Mixed Platforms.Deploy.0 = Debug|Any CPU
		{FF880F01-48E9-4512-B80B-C28AB4E92958}.Debug|x86.ActiveCfg = Debug|Any CPU
		{FF880F01-48E9-4512-B80B-C28AB4E92958}.Release|Any CPU.ActiveCfg = Release|Any CPU
		{FF880F01-48E9-4512-B80B-C28AB4E92958}.Release|Any CPU.Build.0 = Release|Any CPU
		{FF880F01-48E9-4512-B80B-C28AB4E92958}.Release|Any CPU.Deploy.0 = Release|Any CPU
		{FF880F01-48E9-4512-B80B-C28AB4E92958}.Release|ARM.ActiveCfg = Release|Any CPU
		{FF880F01-48E9-4512-B80B-C28AB4E92958}.Release|iPhone.ActiveCfg = Release|Any CPU
		{FF880F01-48E9-4512-B80B-C28AB4E92958}.Release|iPhoneSimulator.ActiveCfg = Release|Any CPU
		{FF880F01-48E9-4512-B80B-C28AB4E92958}.Release|Mixed Platforms.ActiveCfg = Release|Any CPU
		{FF880F01-48E9-4512-B80B-C28AB4E92958}.Release|Mixed Platforms.Build.0 = Release|Any CPU
		{FF880F01-48E9-4512-B80B-C28AB4E92958}.Release|Mixed Platforms.Deploy.0 = Release|Any CPU
		{FF880F01-48E9-4512-B80B-C28AB4E92958}.Release|x86.ActiveCfg = Release|Any CPU
		{33C5DE4A-702F-4ED9-9ECB-DF10510AE425}.Ad-Hoc|Any CPU.ActiveCfg = Release|Any CPU
		{33C5DE4A-702F-4ED9-9ECB-DF10510AE425}.Ad-Hoc|Any CPU.Build.0 = Release|Any CPU
		{33C5DE4A-702F-4ED9-9ECB-DF10510AE425}.Ad-Hoc|ARM.ActiveCfg = Release|Any CPU
		{33C5DE4A-702F-4ED9-9ECB-DF10510AE425}.Ad-Hoc|ARM.Build.0 = Release|Any CPU
		{33C5DE4A-702F-4ED9-9ECB-DF10510AE425}.Ad-Hoc|iPhone.ActiveCfg = Release|Any CPU
		{33C5DE4A-702F-4ED9-9ECB-DF10510AE425}.Ad-Hoc|iPhone.Build.0 = Release|Any CPU
		{33C5DE4A-702F-4ED9-9ECB-DF10510AE425}.Ad-Hoc|iPhoneSimulator.ActiveCfg = Release|Any CPU
		{33C5DE4A-702F-4ED9-9ECB-DF10510AE425}.Ad-Hoc|iPhoneSimulator.Build.0 = Release|Any CPU
		{33C5DE4A-702F-4ED9-9ECB-DF10510AE425}.Ad-Hoc|Mixed Platforms.ActiveCfg = Release|Any CPU
		{33C5DE4A-702F-4ED9-9ECB-DF10510AE425}.Ad-Hoc|Mixed Platforms.Build.0 = Release|Any CPU
		{33C5DE4A-702F-4ED9-9ECB-DF10510AE425}.Ad-Hoc|x86.ActiveCfg = Release|Any CPU
		{33C5DE4A-702F-4ED9-9ECB-DF10510AE425}.Ad-Hoc|x86.Build.0 = Release|Any CPU
		{33C5DE4A-702F-4ED9-9ECB-DF10510AE425}.AppStore|Any CPU.ActiveCfg = Release|Any CPU
		{33C5DE4A-702F-4ED9-9ECB-DF10510AE425}.AppStore|Any CPU.Build.0 = Release|Any CPU
		{33C5DE4A-702F-4ED9-9ECB-DF10510AE425}.AppStore|ARM.ActiveCfg = Release|Any CPU
		{33C5DE4A-702F-4ED9-9ECB-DF10510AE425}.AppStore|ARM.Build.0 = Release|Any CPU
		{33C5DE4A-702F-4ED9-9ECB-DF10510AE425}.AppStore|iPhone.ActiveCfg = Release|Any CPU
		{33C5DE4A-702F-4ED9-9ECB-DF10510AE425}.AppStore|iPhone.Build.0 = Release|Any CPU
		{33C5DE4A-702F-4ED9-9ECB-DF10510AE425}.AppStore|iPhoneSimulator.ActiveCfg = Release|Any CPU
		{33C5DE4A-702F-4ED9-9ECB-DF10510AE425}.AppStore|iPhoneSimulator.Build.0 = Release|Any CPU
		{33C5DE4A-702F-4ED9-9ECB-DF10510AE425}.AppStore|Mixed Platforms.ActiveCfg = Release|Any CPU
		{33C5DE4A-702F-4ED9-9ECB-DF10510AE425}.AppStore|Mixed Platforms.Build.0 = Release|Any CPU
		{33C5DE4A-702F-4ED9-9ECB-DF10510AE425}.AppStore|x86.ActiveCfg = Release|Any CPU
		{33C5DE4A-702F-4ED9-9ECB-DF10510AE425}.AppStore|x86.Build.0 = Release|Any CPU
		{33C5DE4A-702F-4ED9-9ECB-DF10510AE425}.Debug|Any CPU.ActiveCfg = Debug|Any CPU
		{33C5DE4A-702F-4ED9-9ECB-DF10510AE425}.Debug|Any CPU.Build.0 = Debug|Any CPU
		{33C5DE4A-702F-4ED9-9ECB-DF10510AE425}.Debug|ARM.ActiveCfg = Debug|Any CPU
		{33C5DE4A-702F-4ED9-9ECB-DF10510AE425}.Debug|ARM.Build.0 = Debug|Any CPU
		{33C5DE4A-702F-4ED9-9ECB-DF10510AE425}.Debug|iPhone.ActiveCfg = Debug|Any CPU
		{33C5DE4A-702F-4ED9-9ECB-DF10510AE425}.Debug|iPhone.Build.0 = Debug|Any CPU
		{33C5DE4A-702F-4ED9-9ECB-DF10510AE425}.Debug|iPhoneSimulator.ActiveCfg = Debug|Any CPU
		{33C5DE4A-702F-4ED9-9ECB-DF10510AE425}.Debug|iPhoneSimulator.Build.0 = Debug|Any CPU
		{33C5DE4A-702F-4ED9-9ECB-DF10510AE425}.Debug|Mixed Platforms.ActiveCfg = Debug|Any CPU
		{33C5DE4A-702F-4ED9-9ECB-DF10510AE425}.Debug|Mixed Platforms.Build.0 = Debug|Any CPU
		{33C5DE4A-702F-4ED9-9ECB-DF10510AE425}.Debug|x86.ActiveCfg = Debug|Any CPU
		{33C5DE4A-702F-4ED9-9ECB-DF10510AE425}.Debug|x86.Build.0 = Debug|Any CPU
		{33C5DE4A-702F-4ED9-9ECB-DF10510AE425}.Release|Any CPU.ActiveCfg = Release|Any CPU
		{33C5DE4A-702F-4ED9-9ECB-DF10510AE425}.Release|Any CPU.Build.0 = Release|Any CPU
		{33C5DE4A-702F-4ED9-9ECB-DF10510AE425}.Release|ARM.ActiveCfg = Release|Any CPU
		{33C5DE4A-702F-4ED9-9ECB-DF10510AE425}.Release|ARM.Build.0 = Release|Any CPU
		{33C5DE4A-702F-4ED9-9ECB-DF10510AE425}.Release|iPhone.ActiveCfg = Release|Any CPU
		{33C5DE4A-702F-4ED9-9ECB-DF10510AE425}.Release|iPhone.Build.0 = Release|Any CPU
		{33C5DE4A-702F-4ED9-9ECB-DF10510AE425}.Release|iPhoneSimulator.ActiveCfg = Release|Any CPU
		{33C5DE4A-702F-4ED9-9ECB-DF10510AE425}.Release|iPhoneSimulator.Build.0 = Release|Any CPU
		{33C5DE4A-702F-4ED9-9ECB-DF10510AE425}.Release|Mixed Platforms.ActiveCfg = Release|Any CPU
		{33C5DE4A-702F-4ED9-9ECB-DF10510AE425}.Release|Mixed Platforms.Build.0 = Release|Any CPU
		{33C5DE4A-702F-4ED9-9ECB-DF10510AE425}.Release|x86.ActiveCfg = Release|Any CPU
		{33C5DE4A-702F-4ED9-9ECB-DF10510AE425}.Release|x86.Build.0 = Release|Any CPU
	EndGlobalSection
	GlobalSection(SolutionProperties) = preSolution
		HideSolutionNode = FALSE
	EndGlobalSection
EndGlobal
