
Microsoft Visual Studio Solution File, Format Version 12.00
# Visual Studio 2013
VisualStudioVersion = 12.0.31101.0
MinimumVisualStudioVersion = 10.0.40219.1
Project("{FAE04EC0-301F-11D3-BF4B-00C04F79EFBC}") = "Qurvey.Backend", "Qurvey.Backend.csproj", "{75E9BEEE-0C0C-411C-82C9-4EE9B935450B}"
EndProject
Project("{FAE04EC0-301F-11D3-BF4B-00C04F79EFBC}") = "Qurvey.Backend.Test", "..\Qurvey.Backend.Test\Qurvey.Backend.Test.csproj", "{DD42EF74-B57C-4645-A05E-C4408F61B506}"
EndProject
Project("{FAE04EC0-301F-11D3-BF4B-00C04F79EFBC}") = "Qurvey.Shared", "..\Qurvey.Shared\Qurvey.Shared.csproj", "{773B082B-63D4-433F-BA0E-1781C5F4788A}"
EndProject
Global
	GlobalSection(SolutionConfigurationPlatforms) = preSolution
		Debug|Any CPU = Debug|Any CPU
		Release|Any CPU = Release|Any CPU
	EndGlobalSection
	GlobalSection(ProjectConfigurationPlatforms) = postSolution
		{75E9BEEE-0C0C-411C-82C9-4EE9B935450B}.Debug|Any CPU.ActiveCfg = Debug|Any CPU
		{75E9BEEE-0C0C-411C-82C9-4EE9B935450B}.Debug|Any CPU.Build.0 = Debug|Any CPU
		{75E9BEEE-0C0C-411C-82C9-4EE9B935450B}.Release|Any CPU.ActiveCfg = Release|Any CPU
		{75E9BEEE-0C0C-411C-82C9-4EE9B935450B}.Release|Any CPU.Build.0 = Release|Any CPU
		{DD42EF74-B57C-4645-A05E-C4408F61B506}.Debug|Any CPU.ActiveCfg = Debug|Any CPU
		{DD42EF74-B57C-4645-A05E-C4408F61B506}.Debug|Any CPU.Build.0 = Debug|Any CPU
		{DD42EF74-B57C-4645-A05E-C4408F61B506}.Release|Any CPU.ActiveCfg = Release|Any CPU
		{DD42EF74-B57C-4645-A05E-C4408F61B506}.Release|Any CPU.Build.0 = Release|Any CPU
		{773B082B-63D4-433F-BA0E-1781C5F4788A}.Debug|Any CPU.ActiveCfg = Debug|Any CPU
		{773B082B-63D4-433F-BA0E-1781C5F4788A}.Debug|Any CPU.Build.0 = Debug|Any CPU
		{773B082B-63D4-433F-BA0E-1781C5F4788A}.Release|Any CPU.ActiveCfg = Release|Any CPU
		{773B082B-63D4-433F-BA0E-1781C5F4788A}.Release|Any CPU.Build.0 = Release|Any CPU
	EndGlobalSection
	GlobalSection(SolutionProperties) = preSolution
		HideSolutionNode = FALSE
	EndGlobalSection
EndGlobal
